
Microsoft Visual Studio Solution File, Format Version 12.00
# Visual Studio 2012
Project("{FAE04EC0-301F-11D3-BF4B-00C04F79EFBC}") = "CallerCoreSample.iOS", "CallerCoreSample.iOS.csproj", "{86ABA878-19B0-4AD7-9639-11D9391A6EC7}"
EndProject
Project("{FAE04EC0-301F-11D3-BF4B-00C04F79EFBC}") = "CallerCoreSample.PCL", "CallerCoreSample.PCL.csproj", "{4B1DB0BB-BA9A-4C36-925F-4626F7E8A486}"
EndProject
Project("{FAE04EC0-301F-11D3-BF4B-00C04F79EFBC}") = "CallerCore", "..\..\src\CallerCore\CallerCore.csproj", "{1325C172-72E4-4167-9749-2C5FC48C3B7C}"
EndProject
Global
	GlobalSection(SolutionConfigurationPlatforms) = preSolution
		Debug|Any CPU = Debug|Any CPU
		Release|Any CPU = Release|Any CPU
		Debug|iPhoneSimulator = Debug|iPhoneSimulator
		Release|iPhone = Release|iPhone
		Release|iPhoneSimulator = Release|iPhoneSimulator
		Debug|iPhone = Debug|iPhone
	EndGlobalSection
	GlobalSection(ProjectConfigurationPlatforms) = postSolution
		{1325C172-72E4-4167-9749-2C5FC48C3B7C}.Debug|Any CPU.ActiveCfg = Debug|Any CPU
		{1325C172-72E4-4167-9749-2C5FC48C3B7C}.Debug|Any CPU.Build.0 = Debug|Any CPU
		{1325C172-72E4-4167-9749-2C5FC48C3B7C}.Debug|iPhone.ActiveCfg = Debug|Any CPU
		{1325C172-72E4-4167-9749-2C5FC48C3B7C}.Debug|iPhone.Build.0 = Debug|Any CPU
		{1325C172-72E4-4167-9749-2C5FC48C3B7C}.Debug|iPhoneSimulator.ActiveCfg = Debug|Any CPU
		{1325C172-72E4-4167-9749-2C5FC48C3B7C}.Debug|iPhoneSimulator.Build.0 = Debug|Any CPU
		{1325C172-72E4-4167-9749-2C5FC48C3B7C}.Release|Any CPU.ActiveCfg = Release|Any CPU
		{1325C172-72E4-4167-9749-2C5FC48C3B7C}.Release|Any CPU.Build.0 = Release|Any CPU
		{1325C172-72E4-4167-9749-2C5FC48C3B7C}.Release|iPhone.ActiveCfg = Release|Any CPU
		{1325C172-72E4-4167-9749-2C5FC48C3B7C}.Release|iPhone.Build.0 = Release|Any CPU
		{1325C172-72E4-4167-9749-2C5FC48C3B7C}.Release|iPhoneSimulator.ActiveCfg = Release|Any CPU
		{1325C172-72E4-4167-9749-2C5FC48C3B7C}.Release|iPhoneSimulator.Build.0 = Release|Any CPU
		{4B1DB0BB-BA9A-4C36-925F-4626F7E8A486}.Debug|Any CPU.ActiveCfg = Debug|Any CPU
		{4B1DB0BB-BA9A-4C36-925F-4626F7E8A486}.Debug|Any CPU.Build.0 = Debug|Any CPU
		{4B1DB0BB-BA9A-4C36-925F-4626F7E8A486}.Debug|iPhone.ActiveCfg = Debug|Any CPU
		{4B1DB0BB-BA9A-4C36-925F-4626F7E8A486}.Debug|iPhone.Build.0 = Debug|Any CPU
		{4B1DB0BB-BA9A-4C36-925F-4626F7E8A486}.Debug|iPhoneSimulator.ActiveCfg = Debug|Any CPU
		{4B1DB0BB-BA9A-4C36-925F-4626F7E8A486}.Debug|iPhoneSimulator.Build.0 = Debug|Any CPU
		{4B1DB0BB-BA9A-4C36-925F-4626F7E8A486}.Release|Any CPU.ActiveCfg = Release|Any CPU
		{4B1DB0BB-BA9A-4C36-925F-4626F7E8A486}.Release|Any CPU.Build.0 = Release|Any CPU
		{4B1DB0BB-BA9A-4C36-925F-4626F7E8A486}.Release|iPhone.ActiveCfg = Release|Any CPU
		{4B1DB0BB-BA9A-4C36-925F-4626F7E8A486}.Release|iPhone.Build.0 = Release|Any CPU
		{4B1DB0BB-BA9A-4C36-925F-4626F7E8A486}.Release|iPhoneSimulator.ActiveCfg = Release|Any CPU
		{4B1DB0BB-BA9A-4C36-925F-4626F7E8A486}.Release|iPhoneSimulator.Build.0 = Release|Any CPU
		{86ABA878-19B0-4AD7-9639-11D9391A6EC7}.Debug|Any CPU.ActiveCfg = Debug|iPhoneSimulator
		{86ABA878-19B0-4AD7-9639-11D9391A6EC7}.Debug|Any CPU.Build.0 = Debug|iPhoneSimulator
		{86ABA878-19B0-4AD7-9639-11D9391A6EC7}.Debug|iPhone.ActiveCfg = Debug|iPhone
		{86ABA878-19B0-4AD7-9639-11D9391A6EC7}.Debug|iPhone.Build.0 = Debug|iPhone
		{86ABA878-19B0-4AD7-9639-11D9391A6EC7}.Debug|iPhoneSimulator.ActiveCfg = Debug|iPhoneSimulator
		{86ABA878-19B0-4AD7-9639-11D9391A6EC7}.Debug|iPhoneSimulator.Build.0 = Debug|iPhoneSimulator
		{86ABA878-19B0-4AD7-9639-11D9391A6EC7}.Release|Any CPU.ActiveCfg = Release|iPhone
		{86ABA878-19B0-4AD7-9639-11D9391A6EC7}.Release|Any CPU.Build.0 = Release|iPhone
		{86ABA878-19B0-4AD7-9639-11D9391A6EC7}.Release|iPhone.ActiveCfg = Release|iPhone
		{86ABA878-19B0-4AD7-9639-11D9391A6EC7}.Release|iPhone.Build.0 = Release|iPhone
		{86ABA878-19B0-4AD7-9639-11D9391A6EC7}.Release|iPhoneSimulator.ActiveCfg = Release|iPhoneSimulator
		{86ABA878-19B0-4AD7-9639-11D9391A6EC7}.Release|iPhoneSimulator.Build.0 = Release|iPhoneSimulator
		{D66C7D5C-3F03-45FA-BB16-E1A764E32B3C}.Debug|Any CPU.ActiveCfg = Debug|Any CPU
		{D66C7D5C-3F03-45FA-BB16-E1A764E32B3C}.Debug|Any CPU.Build.0 = Debug|Any CPU
		{D66C7D5C-3F03-45FA-BB16-E1A764E32B3C}.Debug|iPhone.ActiveCfg = Debug|Any CPU
		{D66C7D5C-3F03-45FA-BB16-E1A764E32B3C}.Debug|iPhone.Build.0 = Debug|Any CPU
		{D66C7D5C-3F03-45FA-BB16-E1A764E32B3C}.Debug|iPhoneSimulator.ActiveCfg = Debug|Any CPU
		{D66C7D5C-3F03-45FA-BB16-E1A764E32B3C}.Debug|iPhoneSimulator.Build.0 = Debug|Any CPU
		{D66C7D5C-3F03-45FA-BB16-E1A764E32B3C}.Release|Any CPU.ActiveCfg = Release|Any CPU
		{D66C7D5C-3F03-45FA-BB16-E1A764E32B3C}.Release|Any CPU.Build.0 = Release|Any CPU
		{D66C7D5C-3F03-45FA-BB16-E1A764E32B3C}.Release|iPhone.ActiveCfg = Release|Any CPU
		{D66C7D5C-3F03-45FA-BB16-E1A764E32B3C}.Release|iPhone.Build.0 = Release|Any CPU
		{D66C7D5C-3F03-45FA-BB16-E1A764E32B3C}.Release|iPhoneSimulator.ActiveCfg = Release|Any CPU
		{D66C7D5C-3F03-45FA-BB16-E1A764E32B3C}.Release|iPhoneSimulator.Build.0 = Release|Any CPU
	EndGlobalSection
	GlobalSection(SolutionProperties) = preSolution
		HideSolutionNode = FALSE
	EndGlobalSection
EndGlobal
